# This file is generated by running "yarn install" inside your project.
# Manual changes might be lost - proceed with caution!

__metadata:
  version: 6
  cacheKey: 8

"@bridge-services/claim-relayer@workspace:.":
  version: 0.0.0-use.local
  resolution: "@bridge-services/claim-relayer@workspace:."
  dependencies:
    "@types/amqplib": ^0
    "@types/bn.js": ^5
    amqplib: ^0.9.1
    bn.js: ^5.2.1
  languageName: unknown
  linkType: soft

"@types/amqplib@npm:^0":
  version: 0.8.2
  resolution: "@types/amqplib@npm:0.8.2"
  dependencies:
    "@types/bluebird": "*"
    "@types/node": "*"
  checksum: 8b30e22cf890631637ad40fa8eda3323d3ca156c18f23a59c10befd96beab0c046f3f7c2c0a196fc36a669d848b09999ca1f5a0fa2620009656f028667e2bdb8
  languageName: node
  linkType: hard

"@types/bluebird@npm:*":
  version: 3.5.36
  resolution: "@types/bluebird@npm:3.5.36"
  checksum: efe7484e1f6c3443c083f052efb7688b461a9f43899b1891c10b1faf92e4932d686265d10c3e02b8c8fe0c8c371774e6a55ff6eec5e79525390a1ddeee7eb41b
  languageName: node
  linkType: hard

"@types/bn.js@npm:^5":
  version: 5.1.0
  resolution: "@types/bn.js@npm:5.1.0"
  dependencies:
    "@types/node": "*"
  checksum: 1dc1cbbd7a1e8bf3614752e9602f558762a901031f499f3055828b5e3e2bba16e5b88c27b3c4152ad795248fbe4086c731a5c4b0f29bb243f1875beeeabee59c
  languageName: node
  linkType: hard

"@types/node@npm:*":
  version: 17.0.35
  resolution: "@types/node@npm:17.0.35"
  checksum: 7a24946ae7fd20267ed92466384f594e448bfb151081158d565cc635d406ecb29ea8fb85fcd2a1f71efccf26fb5bd3c6f509bde56077eb8b832b847a6664bc62
  languageName: node
  linkType: hard

"amqplib@npm:^0.9.1":
  version: 0.9.1
  resolution: "amqplib@npm:0.9.1"
  dependencies:
    bitsyntax: ~0.1.0
    bluebird: ^3.7.2
    buffer-more-ints: ~1.0.0
    readable-stream: 1.x >=1.1.9
    url-parse: ~1.5.10
  checksum: 2a5b31e3f752d4cbffe1820bab764864b93281af2e00d1cd69329f69dd05e689194b848767745513e023f276f50fb99bc510e4872789e341367be89edf09042d
  languageName: node
  linkType: hard

"bitsyntax@npm:~0.1.0":
  version: 0.1.0
  resolution: "bitsyntax@npm:0.1.0"
  dependencies:
    buffer-more-ints: ~1.0.0
    debug: ~2.6.9
    safe-buffer: ~5.1.2
  checksum: b9f1548eeea950a59021b58bd2caf0bc402de94e2797fa274ed5a57dfc54240a9acbf2115b342e698c7e398949c6a13e87fb9da15388e9d007411080dd195f07
  languageName: node
  linkType: hard

"bluebird@npm:^3.7.2":
  version: 3.7.2
  resolution: "bluebird@npm:3.7.2"
  checksum: 869417503c722e7dc54ca46715f70e15f4d9c602a423a02c825570862d12935be59ed9c7ba34a9b31f186c017c23cac6b54e35446f8353059c101da73eac22ef
  languageName: node
  linkType: hard

"bn.js@npm:^5.2.1":
  version: 5.2.1
  resolution: "bn.js@npm:5.2.1"
  checksum: 3dd8c8d38055fedfa95c1d5fc3c99f8dd547b36287b37768db0abab3c239711f88ff58d18d155dd8ad902b0b0cee973747b7ae20ea12a09473272b0201c9edd3
  languageName: node
  linkType: hard

"buffer-more-ints@npm:~1.0.0":
  version: 1.0.0
  resolution: "buffer-more-ints@npm:1.0.0"
  checksum: f6e88dade08a6d36f32d5f3ece141583a4f61d6c36970b16f4699bd00cfe95d4015525c2a741cf46eb918acfd61cac95683fb995189fd65c13b14949c90bfe75
  languageName: node
  linkType: hard

"core-util-is@npm:~1.0.0":
  version: 1.0.3
  resolution: "core-util-is@npm:1.0.3"
  checksum: 9de8597363a8e9b9952491ebe18167e3b36e7707569eed0ebf14f8bba773611376466ae34575bca8cfe3c767890c859c74056084738f09d4e4a6f902b2ad7d99
  languageName: node
  linkType: hard

"debug@npm:~2.6.9":
  version: 2.6.9
  resolution: "debug@npm:2.6.9"
  dependencies:
    ms: 2.0.0
  checksum: d2f51589ca66df60bf36e1fa6e4386b318c3f1e06772280eea5b1ae9fd3d05e9c2b7fd8a7d862457d00853c75b00451aa2d7459b924629ee385287a650f58fe6
  languageName: node
  linkType: hard

"inherits@npm:~2.0.1":
  version: 2.0.4
  resolution: "inherits@npm:2.0.4"
  checksum: 4a48a733847879d6cf6691860a6b1e3f0f4754176e4d71494c41f3475553768b10f84b5ce1d40fbd0e34e6bfbb864ee35858ad4dd2cf31e02fc4a154b724d7f1
  languageName: node
  linkType: hard

"isarray@npm:0.0.1":
  version: 0.0.1
  resolution: "isarray@npm:0.0.1"
  checksum: 49191f1425681df4a18c2f0f93db3adb85573bcdd6a4482539d98eac9e705d8961317b01175627e860516a2fc45f8f9302db26e5a380a97a520e272e2a40a8d4
  languageName: node
  linkType: hard

"ms@npm:2.0.0":
  version: 2.0.0
  resolution: "ms@npm:2.0.0"
  checksum: 0e6a22b8b746d2e0b65a430519934fefd41b6db0682e3477c10f60c76e947c4c0ad06f63ffdf1d78d335f83edee8c0aa928aa66a36c7cd95b69b26f468d527f4
  languageName: node
  linkType: hard

"querystringify@npm:^2.1.1":
  version: 2.2.0
  resolution: "querystringify@npm:2.2.0"
  checksum: 5641ea231bad7ef6d64d9998faca95611ed4b11c2591a8cae741e178a974f6a8e0ebde008475259abe1621cb15e692404e6b6626e927f7b849d5c09392604b15
  languageName: node
  linkType: hard

"readable-stream@npm:1.x >=1.1.9":
  version: 1.1.14
  resolution: "readable-stream@npm:1.1.14"
  dependencies:
    core-util-is: ~1.0.0
    inherits: ~2.0.1
    isarray: 0.0.1
    string_decoder: ~0.10.x
  checksum: 17dfeae3e909945a4a1abc5613ea92d03269ef54c49288599507fc98ff4615988a1c39a999dcf9aacba70233d9b7040bc11a5f2bfc947e262dedcc0a8b32b5a0
  languageName: node
  linkType: hard

"requires-port@npm:^1.0.0":
  version: 1.0.0
  resolution: "requires-port@npm:1.0.0"
  checksum: eee0e303adffb69be55d1a214e415cf42b7441ae858c76dfc5353148644f6fd6e698926fc4643f510d5c126d12a705e7c8ed7e38061113bdf37547ab356797ff
  languageName: node
  linkType: hard

"safe-buffer@npm:~5.1.2":
  version: 5.1.2
  resolution: "safe-buffer@npm:5.1.2"
  checksum: f2f1f7943ca44a594893a852894055cf619c1fbcb611237fc39e461ae751187e7baf4dc391a72125e0ac4fb2d8c5c0b3c71529622e6a58f46b960211e704903c
  languageName: node
  linkType: hard

"string_decoder@npm:~0.10.x":
  version: 0.10.31
  resolution: "string_decoder@npm:0.10.31"
  checksum: fe00f8e303647e5db919948ccb5ce0da7dea209ab54702894dd0c664edd98e5d4df4b80d6fabf7b9e92b237359d21136c95bf068b2f7760b772ca974ba970202
  languageName: node
  linkType: hard

"url-parse@npm:~1.5.10":
  version: 1.5.10
  resolution: "url-parse@npm:1.5.10"
  dependencies:
    querystringify: ^2.1.1
    requires-port: ^1.0.0
  checksum: fbdba6b1d83336aca2216bbdc38ba658d9cfb8fc7f665eb8b17852de638ff7d1a162c198a8e4ed66001ddbf6c9888d41e4798912c62b4fd777a31657989f7bdf
  languageName: node
  linkType: hard
